<?xml version="1.0" encoding="utf-8"?>
<Project ToolsVersion="4.0" xmlns="http://schemas.microsoft.com/developer/msbuild/2003">
  <ItemGroup>
    <ClCompile Include="main.cpp" />
    <ClCompile Include="wwan_server.cpp" />
    <ClCompile Include="wwan_session.cpp" />
    <ClCompile Include="wcfg.cpp" />
    <ClCompile Include="wmsg_dispatch.cpp" />
    <ClCompile Include="wmain_thread.cpp" />
  </ItemGroup>
  <ItemGroup>
    <ClInclude Include="wwan_server.h" />
    <ClInclude Include="wwan_session.h" />
    <ClInclude Include="wcfg.h" />
    <ClInclude Include="wmsg_dispatch.h" />
    <ClInclude Include="wmain_thread.h" />
  </ItemGroup>
</Project>